
Microsoft Visual Studio Solution File, Format Version 12.00
# Visual Studio Version 17
VisualStudioVersion = 17.2.32210.308
MinimumVisualStudioVersion = 10.0.40219.1
Project("{9A19103F-16F7-4668-BE54-9A1E7A4F7556}") = "sim756.Net.JsonHttp", "sim756.Net.JsonHttp\sim756.Net.JsonHttp.csproj", "{DC81BB91-20B1-4133-A653-1DAFEF7ACB9C}"
EndProject
Project("{9A19103F-16F7-4668-BE54-9A1E7A4F7556}") = "Example", "Example\Example.csproj", "{BA490348-867E-4111-8A85-C31A01183671}"
EndProject
Project("{2150E333-8FDC-42A3-9474-1A3956D46DE8}") = "Samples", "Samples", "{5E8E2D24-8D05-4172-882C-3A078DCD188B}"
EndProject
Project("{9A19103F-16F7-4668-BE54-9A1E7A4F7556}") = "SampleServer", "Samples\SampleServer\SampleServer.csproj", "{55CCC545-7DBB-43F6-BC64-C898B39BCCB9}"
EndProject
Project("{9A19103F-16F7-4668-BE54-9A1E7A4F7556}") = "SampleClient", "Samples\SampleClient\SampleClient.csproj", "{44696199-961C-4D27-9857-9E9ADCA0FC4E}"
EndProject
Project("{9A19103F-16F7-4668-BE54-9A1E7A4F7556}") = "SampleModels", "SampleModels\SampleModels.csproj", "{69749B36-86B1-44D9-BE3B-DF6820354F54}"
EndProject
Global
	GlobalSection(SolutionConfigurationPlatforms) = preSolution
		Debug|Any CPU = Debug|Any CPU
		Release|Any CPU = Release|Any CPU
	EndGlobalSection
	GlobalSection(ProjectConfigurationPlatforms) = postSolution
		{DC81BB91-20B1-4133-A653-1DAFEF7ACB9C}.Debug|Any CPU.ActiveCfg = Debug|Any CPU
		{DC81BB91-20B1-4133-A653-1DAFEF7ACB9C}.Debug|Any CPU.Build.0 = Debug|Any CPU
		{DC81BB91-20B1-4133-A653-1DAFEF7ACB9C}.Release|Any CPU.ActiveCfg = Release|Any CPU
		{DC81BB91-20B1-4133-A653-1DAFEF7ACB9C}.Release|Any CPU.Build.0 = Release|Any CPU
		{BA490348-867E-4111-8A85-C31A01183671}.Debug|Any CPU.ActiveCfg = Debug|Any CPU
		{BA490348-867E-4111-8A85-C31A01183671}.Debug|Any CPU.Build.0 = Debug|Any CPU
		{BA490348-867E-4111-8A85-C31A01183671}.Release|Any CPU.ActiveCfg = Release|Any CPU
		{BA490348-867E-4111-8A85-C31A01183671}.Release|Any CPU.Build.0 = Release|Any CPU
		{55CCC545-7DBB-43F6-BC64-C898B39BCCB9}.Debug|Any CPU.ActiveCfg = Debug|Any CPU
		{55CCC545-7DBB-43F6-BC64-C898B39BCCB9}.Debug|Any CPU.Build.0 = Debug|Any CPU
		{55CCC545-7DBB-43F6-BC64-C898B39BCCB9}.Release|Any CPU.ActiveCfg = Release|Any CPU
		{55CCC545-7DBB-43F6-BC64-C898B39BCCB9}.Release|Any CPU.Build.0 = Release|Any CPU
		{44696199-961C-4D27-9857-9E9ADCA0FC4E}.Debug|Any CPU.ActiveCfg = Debug|Any CPU
		{44696199-961C-4D27-9857-9E9ADCA0FC4E}.Debug|Any CPU.Build.0 = Debug|Any CPU
		{44696199-961C-4D27-9857-9E9ADCA0FC4E}.Release|Any CPU.ActiveCfg = Release|Any CPU
		{44696199-961C-4D27-9857-9E9ADCA0FC4E}.Release|Any CPU.Build.0 = Release|Any CPU
		{69749B36-86B1-44D9-BE3B-DF6820354F54}.Debug|Any CPU.ActiveCfg = Debug|Any CPU
		{69749B36-86B1-44D9-BE3B-DF6820354F54}.Debug|Any CPU.Build.0 = Debug|Any CPU
		{69749B36-86B1-44D9-BE3B-DF6820354F54}.Release|Any CPU.ActiveCfg = Release|Any CPU
		{69749B36-86B1-44D9-BE3B-DF6820354F54}.Release|Any CPU.Build.0 = Release|Any CPU
	EndGlobalSection
	GlobalSection(SolutionProperties) = preSolution
		HideSolutionNode = FALSE
	EndGlobalSection
	GlobalSection(NestedProjects) = preSolution
		{55CCC545-7DBB-43F6-BC64-C898B39BCCB9} = {5E8E2D24-8D05-4172-882C-3A078DCD188B}
		{44696199-961C-4D27-9857-9E9ADCA0FC4E} = {5E8E2D24-8D05-4172-882C-3A078DCD188B}
		{69749B36-86B1-44D9-BE3B-DF6820354F54} = {5E8E2D24-8D05-4172-882C-3A078DCD188B}
	EndGlobalSection
	GlobalSection(ExtensibilityGlobals) = postSolution
		SolutionGuid = {9C11148F-7B5C-4AB7-980A-4FC1A4D516CC}
		BuildVersion_StartDate = 2000/1/1
		BuildVersion_BuildVersioningStyle = None.None.Increment.TimeStamp
	EndGlobalSection
EndGlobal
