
Microsoft Visual Studio Solution File, Format Version 12.00
# Visual Studio 15
VisualStudioVersion = 15.0.27130.2010
MinimumVisualStudioVersion = 10.0.40219.1
Project("{9A19103F-16F7-4668-BE54-9A1E7A4F7556}") = "sim756.Net.JsonHttp", "sim756.Net.JsonHttp\sim756.Net.JsonHttp.csproj", "{DC81BB91-20B1-4133-A653-1DAFEF7ACB9C}"
EndProject
Project("{9A19103F-16F7-4668-BE54-9A1E7A4F7556}") = "Example", "Example\Example.csproj", "{BA490348-867E-4111-8A85-C31A01183671}"
EndProject
Project("{FAE04EC0-301F-11D3-BF4B-00C04F79EFBC}") = "Diagrams", "Diagrams\Diagrams.csproj", "{B1AA4619-F483-4B0D-936A-C57A1EEC016E}"
EndProject
Project("{2150E333-8FDC-42A3-9474-1A3956D46DE8}") = "Samples", "Samples", "{6F57A435-F2EB-4628-A2B1-516645EE2FEF}"
EndProject
Project("{FAE04EC0-301F-11D3-BF4B-00C04F79EFBC}") = "SampleServer", "SampleServer\SampleServer.csproj", "{F89C55BC-4FEA-41A3-89DD-BFABB52E7643}"
EndProject
Project("{FAE04EC0-301F-11D3-BF4B-00C04F79EFBC}") = "SampleClient", "SampleClient\SampleClient.csproj", "{193DE1C8-942C-4937-A5F8-1BC9CB8A6B58}"
EndProject
Global
	GlobalSection(SolutionConfigurationPlatforms) = preSolution
		Debug|Any CPU = Debug|Any CPU
		Release|Any CPU = Release|Any CPU
	EndGlobalSection
	GlobalSection(ProjectConfigurationPlatforms) = postSolution
		{DC81BB91-20B1-4133-A653-1DAFEF7ACB9C}.Debug|Any CPU.ActiveCfg = Debug|Any CPU
		{DC81BB91-20B1-4133-A653-1DAFEF7ACB9C}.Debug|Any CPU.Build.0 = Debug|Any CPU
		{DC81BB91-20B1-4133-A653-1DAFEF7ACB9C}.Release|Any CPU.ActiveCfg = Release|Any CPU
		{DC81BB91-20B1-4133-A653-1DAFEF7ACB9C}.Release|Any CPU.Build.0 = Release|Any CPU
		{BA490348-867E-4111-8A85-C31A01183671}.Debug|Any CPU.ActiveCfg = Debug|Any CPU
		{BA490348-867E-4111-8A85-C31A01183671}.Debug|Any CPU.Build.0 = Debug|Any CPU
		{BA490348-867E-4111-8A85-C31A01183671}.Release|Any CPU.ActiveCfg = Release|Any CPU
		{BA490348-867E-4111-8A85-C31A01183671}.Release|Any CPU.Build.0 = Release|Any CPU
		{B1AA4619-F483-4B0D-936A-C57A1EEC016E}.Debug|Any CPU.ActiveCfg = Debug|Any CPU
		{B1AA4619-F483-4B0D-936A-C57A1EEC016E}.Debug|Any CPU.Build.0 = Debug|Any CPU
		{B1AA4619-F483-4B0D-936A-C57A1EEC016E}.Release|Any CPU.ActiveCfg = Release|Any CPU
		{B1AA4619-F483-4B0D-936A-C57A1EEC016E}.Release|Any CPU.Build.0 = Release|Any CPU
		{F89C55BC-4FEA-41A3-89DD-BFABB52E7643}.Debug|Any CPU.ActiveCfg = Debug|Any CPU
		{F89C55BC-4FEA-41A3-89DD-BFABB52E7643}.Debug|Any CPU.Build.0 = Debug|Any CPU
		{F89C55BC-4FEA-41A3-89DD-BFABB52E7643}.Release|Any CPU.ActiveCfg = Release|Any CPU
		{F89C55BC-4FEA-41A3-89DD-BFABB52E7643}.Release|Any CPU.Build.0 = Release|Any CPU
		{193DE1C8-942C-4937-A5F8-1BC9CB8A6B58}.Debug|Any CPU.ActiveCfg = Debug|Any CPU
		{193DE1C8-942C-4937-A5F8-1BC9CB8A6B58}.Debug|Any CPU.Build.0 = Debug|Any CPU
		{193DE1C8-942C-4937-A5F8-1BC9CB8A6B58}.Release|Any CPU.ActiveCfg = Release|Any CPU
		{193DE1C8-942C-4937-A5F8-1BC9CB8A6B58}.Release|Any CPU.Build.0 = Release|Any CPU
	EndGlobalSection
	GlobalSection(SolutionProperties) = preSolution
		HideSolutionNode = FALSE
	EndGlobalSection
	GlobalSection(ExtensibilityGlobals) = postSolution
		SolutionGuid = {9C11148F-7B5C-4AB7-980A-4FC1A4D516CC}
		BuildVersion_StartDate = 2000/1/1
		BuildVersion_BuildVersioningStyle = None.None.Increment.TimeStamp
	EndGlobalSection
EndGlobal
